
Microsoft Visual Studio Solution File, Format Version 12.00
# Visual Studio Version 17
VisualStudioVersion = 17.6.33723.286
MinimumVisualStudioVersion = 10.0.40219.1
Project("{FAE04EC0-301F-11D3-BF4B-00C04F79EFBC}") = "VPLab3", "VPLab3\VPLab3.csproj", "{E8622064-A941-4A75-B527-81E153F5B3FB}"
EndProject
Global
	GlobalSection(SolutionConfigurationPlatforms) = preSolution
		Debug|Any CPU = Debug|Any CPU
		Release|Any CPU = Release|Any CPU
	EndGlobalSection
	GlobalSection(ProjectConfigurationPlatforms) = postSolution
		{E8622064-A941-4A75-B527-81E153F5B3FB}.Debug|Any CPU.ActiveCfg = Debug|Any CPU
		{E8622064-A941-4A75-B527-81E153F5B3FB}.Debug|Any CPU.Build.0 = Debug|Any CPU
		{E8622064-A941-4A75-B527-81E153F5B3FB}.Release|Any CPU.ActiveCfg = Release|Any CPU
		{E8622064-A941-4A75-B527-81E153F5B3FB}.Release|Any CPU.Build.0 = Release|Any CPU
	EndGlobalSection
	GlobalSection(SolutionProperties) = preSolution
		HideSolutionNode = FALSE
	EndGlobalSection
	GlobalSection(ExtensibilityGlobals) = postSolution
		SolutionGuid = {E38F0CD2-639D-4862-8834-C679493B7B1B}
	EndGlobalSection
EndGlobal
